
Microsoft Visual Studio Solution File, Format Version 12.00
# Visual Studio Version 17
VisualStudioVersion = 17.1.32210.238
MinimumVisualStudioVersion = 10.0.40219.1
Project("{FAE04EC0-301F-11D3-BF4B-00C04F79EFBC}") = "MPSC.PlenoSoft.AutoFillTS", "AutoFillTS\MPSC.PlenoSoft.AutoFillTS.csproj", "{2E48EFAC-9ACF-4A40-B20B-1C67B075636C}"
EndProject
Project("{FAE04EC0-301F-11D3-BF4B-00C04F79EFBC}") = "MPSC.PlenoSoft.AutoFillTS.TestesUnitarios", "TestesUnitarios\MPSC.PlenoSoft.AutoFillTS.TestesUnitarios.csproj", "{468C27FD-99BC-4C32-BEA1-2BBAC49638AB}"
EndProject
Global
	GlobalSection(SolutionConfigurationPlatforms) = preSolution
		Debug|Any CPU = Debug|Any CPU
		Release|Any CPU = Release|Any CPU
	EndGlobalSection
	GlobalSection(ProjectConfigurationPlatforms) = postSolution
		{2E48EFAC-9ACF-4A40-B20B-1C67B075636C}.Debug|Any CPU.ActiveCfg = Debug|Any CPU
		{2E48EFAC-9ACF-4A40-B20B-1C67B075636C}.Debug|Any CPU.Build.0 = Debug|Any CPU
		{2E48EFAC-9ACF-4A40-B20B-1C67B075636C}.Release|Any CPU.ActiveCfg = Release|Any CPU
		{2E48EFAC-9ACF-4A40-B20B-1C67B075636C}.Release|Any CPU.Build.0 = Release|Any CPU
		{468C27FD-99BC-4C32-BEA1-2BBAC49638AB}.Debug|Any CPU.ActiveCfg = Debug|Any CPU
		{468C27FD-99BC-4C32-BEA1-2BBAC49638AB}.Debug|Any CPU.Build.0 = Debug|Any CPU
		{468C27FD-99BC-4C32-BEA1-2BBAC49638AB}.Release|Any CPU.ActiveCfg = Release|Any CPU
		{468C27FD-99BC-4C32-BEA1-2BBAC49638AB}.Release|Any CPU.Build.0 = Release|Any CPU
	EndGlobalSection
	GlobalSection(SolutionProperties) = preSolution
		HideSolutionNode = FALSE
	EndGlobalSection
	GlobalSection(ExtensibilityGlobals) = postSolution
		SolutionGuid = {86300BE8-B40A-4334-8F9D-5BE5CF78C507}
	EndGlobalSection
EndGlobal
